// !$*UTF8*$!
{
	archiveVersion = 1;
	classes = {
	};
	objectVersion = 56;
	objects = {

/* Begin PBXBuildFile section */
		63573291292B754000B87F48 /* AppDelegate.swift in Sources */ = {isa = PBXBuildFile; fileRef = 63573290292B754000B87F48 /* AppDelegate.swift */; };
		63573293292B754000B87F48 /* SceneDelegate.swift in Sources */ = {isa = PBXBuildFile; fileRef = 63573292292B754000B87F48 /* SceneDelegate.swift */; };
		63573295292B754000B87F48 /* LoginViewController.swift in Sources */ = {isa = PBXBuildFile; fileRef = 63573294292B754000B87F48 /* LoginViewController.swift */; };
		63573298292B754000B87F48 /* Main.storyboard in Resources */ = {isa = PBXBuildFile; fileRef = 63573296292B754000B87F48 /* Main.storyboard */; };
		6357329A292B754300B87F48 /* Assets.xcassets in Resources */ = {isa = PBXBuildFile; fileRef = 63573299292B754300B87F48 /* Assets.xcassets */; };
		6357329D292B754300B87F48 /* LaunchScreen.storyboard in Resources */ = {isa = PBXBuildFile; fileRef = 6357329B292B754300B87F48 /* LaunchScreen.storyboard */; };
		635732A9292B910E00B87F48 /* UdacityClient.swift in Sources */ = {isa = PBXBuildFile; fileRef = 635732A8292B910E00B87F48 /* UdacityClient.swift */; };
		635732AC292B91C600B87F48 /* ParseClient.swift in Sources */ = {isa = PBXBuildFile; fileRef = 635732AB292B91C600B87F48 /* ParseClient.swift */; };
		635732AF292B921200B87F48 /* StudentLocationResponse.swift in Sources */ = {isa = PBXBuildFile; fileRef = 635732AE292B921200B87F48 /* StudentLocationResponse.swift */; };
		635732B3292B9BC500B87F48 /* SessionRequest.swift in Sources */ = {isa = PBXBuildFile; fileRef = 635732B2292B9BC500B87F48 /* SessionRequest.swift */; };
		635732B5292BB85600B87F48 /* SessionResponse.swift in Sources */ = {isa = PBXBuildFile; fileRef = 635732B4292BB85600B87F48 /* SessionResponse.swift */; };
		635732B7292BC0D100B87F48 /* MapViewController.swift in Sources */ = {isa = PBXBuildFile; fileRef = 635732B6292BC0D100B87F48 /* MapViewController.swift */; };
		635732B9292BC68F00B87F48 /* TableViewController.swift in Sources */ = {isa = PBXBuildFile; fileRef = 635732B8292BC68F00B87F48 /* TableViewController.swift */; };
		635732BB292CD13200B87F48 /* Location.swift in Sources */ = {isa = PBXBuildFile; fileRef = 635732BA292CD13200B87F48 /* Location.swift */; };
		635732BD292CD44C00B87F48 /* LocationResponse.swift in Sources */ = {isa = PBXBuildFile; fileRef = 635732BC292CD44C00B87F48 /* LocationResponse.swift */; };
		635732BF292CD5EE00B87F48 /* InformationPostingViewController.swift in Sources */ = {isa = PBXBuildFile; fileRef = 635732BE292CD5EE00B87F48 /* InformationPostingViewController.swift */; };
		635732C1292CDE6600B87F48 /* LocationConfirmViewController.swift in Sources */ = {isa = PBXBuildFile; fileRef = 635732C0292CDE6600B87F48 /* LocationConfirmViewController.swift */; };
		635732C3292D121F00B87F48 /* PostResponse.swift in Sources */ = {isa = PBXBuildFile; fileRef = 635732C2292D121F00B87F48 /* PostResponse.swift */; };
		635732C5292D162A00B87F48 /* showAlert.swift in Sources */ = {isa = PBXBuildFile; fileRef = 635732C4292D162A00B87F48 /* showAlert.swift */; };
		635732C7292D1A9500B87F48 /* PutResponse.swift in Sources */ = {isa = PBXBuildFile; fileRef = 635732C6292D1A9500B87F48 /* PutResponse.swift */; };
/* End PBXBuildFile section */

/* Begin PBXFileReference section */
		6357328D292B754000B87F48 /* OnTheMap.app */ = {isa = PBXFileReference; explicitFileType = wrapper.application; includeInIndex = 0; path = OnTheMap.app; sourceTree = BUILT_PRODUCTS_DIR; };
		63573290292B754000B87F48 /* AppDelegate.swift */ = {isa = PBXFileReference; lastKnownFileType = sourcecode.swift; path = AppDelegate.swift; sourceTree = "<group>"; };
		63573292292B754000B87F48 /* SceneDelegate.swift */ = {isa = PBXFileReference; lastKnownFileType = sourcecode.swift; path = SceneDelegate.swift; sourceTree = "<group>"; };
		63573294292B754000B87F48 /* LoginViewController.swift */ = {isa = PBXFileReference; lastKnownFileType = sourcecode.swift; path = LoginViewController.swift; sourceTree = "<group>"; };
		63573297292B754000B87F48 /* Base */ = {isa = PBXFileReference; lastKnownFileType = file.storyboard; name = Base; path = Base.lproj/Main.storyboard; sourceTree = "<group>"; };
		63573299292B754300B87F48 /* Assets.xcassets */ = {isa = PBXFileReference; lastKnownFileType = folder.assetcatalog; path = Assets.xcassets; sourceTree = "<group>"; };
		6357329C292B754300B87F48 /* Base */ = {isa = PBXFileReference; lastKnownFileType = file.storyboard; name = Base; path = Base.lproj/LaunchScreen.storyboard; sourceTree = "<group>"; };
		6357329E292B754300B87F48 /* Info.plist */ = {isa = PBXFileReference; lastKnownFileType = text.plist.xml; path = Info.plist; sourceTree = "<group>"; };
		635732A8292B910E00B87F48 /* UdacityClient.swift */ = {isa = PBXFileReference; lastKnownFileType = sourcecode.swift; path = UdacityClient.swift; sourceTree = "<group>"; };
		635732AB292B91C600B87F48 /* ParseClient.swift */ = {isa = PBXFileReference; lastKnownFileType = sourcecode.swift; path = ParseClient.swift; sourceTree = "<group>"; };
		635732AE292B921200B87F48 /* StudentLocationResponse.swift */ = {isa = PBXFileReference; lastKnownFileType = sourcecode.swift; path = StudentLocationResponse.swift; sourceTree = "<group>"; };
		635732B2292B9BC500B87F48 /* SessionRequest.swift */ = {isa = PBXFileReference; lastKnownFileType = sourcecode.swift; path = SessionRequest.swift; sourceTree = "<group>"; };
		635732B4292BB85600B87F48 /* SessionResponse.swift */ = {isa = PBXFileReference; lastKnownFileType = sourcecode.swift; path = SessionResponse.swift; sourceTree = "<group>"; };
		635732B6292BC0D100B87F48 /* MapViewController.swift */ = {isa = PBXFileReference; lastKnownFileType = sourcecode.swift; path = MapViewController.swift; sourceTree = "<group>"; };
		635732B8292BC68F00B87F48 /* TableViewController.swift */ = {isa = PBXFileReference; lastKnownFileType = sourcecode.swift; path = TableViewController.swift; sourceTree = "<group>"; };
		635732BA292CD13200B87F48 /* Location.swift */ = {isa = PBXFileReference; lastKnownFileType = sourcecode.swift; path = Location.swift; sourceTree = "<group>"; };
		635732BC292CD44C00B87F48 /* LocationResponse.swift */ = {isa = PBXFileReference; lastKnownFileType = sourcecode.swift; path = LocationResponse.swift; sourceTree = "<group>"; };
		635732BE292CD5EE00B87F48 /* InformationPostingViewController.swift */ = {isa = PBXFileReference; lastKnownFileType = sourcecode.swift; path = InformationPostingViewController.swift; sourceTree = "<group>"; };
		635732C0292CDE6600B87F48 /* LocationConfirmViewController.swift */ = {isa = PBXFileReference; lastKnownFileType = sourcecode.swift; path = LocationConfirmViewController.swift; sourceTree = "<group>"; };
		635732C2292D121F00B87F48 /* PostResponse.swift */ = {isa = PBXFileReference; lastKnownFileType = sourcecode.swift; path = PostResponse.swift; sourceTree = "<group>"; };
		635732C4292D162A00B87F48 /* showAlert.swift */ = {isa = PBXFileReference; lastKnownFileType = sourcecode.swift; path = showAlert.swift; sourceTree = "<group>"; };
		635732C6292D1A9500B87F48 /* PutResponse.swift */ = {isa = PBXFileReference; lastKnownFileType = sourcecode.swift; path = PutResponse.swift; sourceTree = "<group>"; };
/* End PBXFileReference section */

/* Begin PBXFrameworksBuildPhase section */
		6357328A292B754000B87F48 /* Frameworks */ = {
			isa = PBXFrameworksBuildPhase;
			buildActionMask = 2147483647;
			files = (
			);
			runOnlyForDeploymentPostprocessing = 0;
		};
/* End PBXFrameworksBuildPhase section */

/* Begin PBXGroup section */
		63573284292B754000B87F48 = {
			isa = PBXGroup;
			children = (
				6357328F292B754000B87F48 /* OnTheMap */,
				6357328E292B754000B87F48 /* Products */,
			);
			sourceTree = "<group>";
		};
		6357328E292B754000B87F48 /* Products */ = {
			isa = PBXGroup;
			children = (
				6357328D292B754000B87F48 /* OnTheMap.app */,
			);
			name = Products;
			sourceTree = "<group>";
		};
		6357328F292B754000B87F48 /* OnTheMap */ = {
			isa = PBXGroup;
			children = (
				63573290292B754000B87F48 /* AppDelegate.swift */,
				63573292292B754000B87F48 /* SceneDelegate.swift */,
				6357329E292B754300B87F48 /* Info.plist */,
				635732A7292B8FC600B87F48 /* Model */,
				635732A5292B8F5300B87F48 /* Controller */,
				635732A4292B8F4300B87F48 /* Assests */,
			);
			path = OnTheMap;
			sourceTree = "<group>";
		};
		635732A4292B8F4300B87F48 /* Assests */ = {
			isa = PBXGroup;
			children = (
				63573296292B754000B87F48 /* Main.storyboard */,
				63573299292B754300B87F48 /* Assets.xcassets */,
				6357329B292B754300B87F48 /* LaunchScreen.storyboard */,
			);
			path = Assests;
			sourceTree = "<group>";
		};
		635732A5292B8F5300B87F48 /* Controller */ = {
			isa = PBXGroup;
			children = (
				635732C0292CDE6600B87F48 /* LocationConfirmViewController.swift */,
				635732B8292BC68F00B87F48 /* TableViewController.swift */,
				635732BE292CD5EE00B87F48 /* InformationPostingViewController.swift */,
				635732B6292BC0D100B87F48 /* MapViewController.swift */,
				63573294292B754000B87F48 /* LoginViewController.swift */,
			);
			path = Controller;
			sourceTree = "<group>";
		};
		635732A6292B8F7800B87F48 /* Clients */ = {
			isa = PBXGroup;
			children = (
				635732AB292B91C600B87F48 /* ParseClient.swift */,
				635732A8292B910E00B87F48 /* UdacityClient.swift */,
			);
			path = Clients;
			sourceTree = "<group>";
		};
		635732A7292B8FC600B87F48 /* Model */ = {
			isa = PBXGroup;
			children = (
				635732B1292B9BAC00B87F48 /* Requests */,
				635732B0292B95C500B87F48 /* Responses */,
				635732AD292B920500B87F48 /* Helper */,
				635732A6292B8F7800B87F48 /* Clients */,
			);
			path = Model;
			sourceTree = "<group>";
		};
		635732AD292B920500B87F48 /* Helper */ = {
			isa = PBXGroup;
			children = (
				635732C4292D162A00B87F48 /* showAlert.swift */,
			);
			path = Helper;
			sourceTree = "<group>";
		};
		635732B0292B95C500B87F48 /* Responses */ = {
			isa = PBXGroup;
			children = (
				635732AE292B921200B87F48 /* StudentLocationResponse.swift */,
				635732B4292BB85600B87F48 /* SessionResponse.swift */,
				635732BC292CD44C00B87F48 /* LocationResponse.swift */,
				635732C2292D121F00B87F48 /* PostResponse.swift */,
				635732C6292D1A9500B87F48 /* PutResponse.swift */,
			);
			path = Responses;
			sourceTree = "<group>";
		};
		635732B1292B9BAC00B87F48 /* Requests */ = {
			isa = PBXGroup;
			children = (
				635732B2292B9BC500B87F48 /* SessionRequest.swift */,
				635732BA292CD13200B87F48 /* Location.swift */,
			);
			path = Requests;
			sourceTree = "<group>";
		};
/* End PBXGroup section */

/* Begin PBXNativeTarget section */
		6357328C292B754000B87F48 /* OnTheMap */ = {
			isa = PBXNativeTarget;
			buildConfigurationList = 635732A1292B754300B87F48 /* Build configuration list for PBXNativeTarget "OnTheMap" */;
			buildPhases = (
				63573289292B754000B87F48 /* Sources */,
				6357328A292B754000B87F48 /* Frameworks */,
				6357328B292B754000B87F48 /* Resources */,
			);
			buildRules = (
			);
			dependencies = (
			);
			name = OnTheMap;
			productName = OnTheMap;
			productReference = 6357328D292B754000B87F48 /* OnTheMap.app */;
			productType = "com.apple.product-type.application";
		};
/* End PBXNativeTarget section */

/* Begin PBXProject section */
		63573285292B754000B87F48 /* Project object */ = {
			isa = PBXProject;
			attributes = {
				BuildIndependentTargetsInParallel = 1;
				LastSwiftUpdateCheck = 1410;
				LastUpgradeCheck = 1410;
				TargetAttributes = {
					6357328C292B754000B87F48 = {
						CreatedOnToolsVersion = 14.1;
					};
				};
			};
			buildConfigurationList = 63573288292B754000B87F48 /* Build configuration list for PBXProject "OnTheMap" */;
			compatibilityVersion = "Xcode 14.0";
			developmentRegion = en;
			hasScannedForEncodings = 0;
			knownRegions = (
				en,
				Base,
			);
			mainGroup = 63573284292B754000B87F48;
			productRefGroup = 6357328E292B754000B87F48 /* Products */;
			projectDirPath = "";
			projectRoot = "";
			targets = (
				6357328C292B754000B87F48 /* OnTheMap */,
			);
		};
/* End PBXProject section */

/* Begin PBXResourcesBuildPhase section */
		6357328B292B754000B87F48 /* Resources */ = {
			isa = PBXResourcesBuildPhase;
			buildActionMask = 2147483647;
			files = (
				6357329D292B754300B87F48 /* LaunchScreen.storyboard in Resources */,
				6357329A292B754300B87F48 /* Assets.xcassets in Resources */,
				63573298292B754000B87F48 /* Main.storyboard in Resources */,
			);
			runOnlyForDeploymentPostprocessing = 0;
		};
/* End PBXResourcesBuildPhase section */

/* Begin PBXSourcesBuildPhase section */
		63573289292B754000B87F48 /* Sources */ = {
			isa = PBXSourcesBuildPhase;
			buildActionMask = 2147483647;
			files = (
				635732C7292D1A9500B87F48 /* PutResponse.swift in Sources */,
				635732C1292CDE6600B87F48 /* LocationConfirmViewController.swift in Sources */,
				635732AF292B921200B87F48 /* StudentLocationResponse.swift in Sources */,
				635732BB292CD13200B87F48 /* Location.swift in Sources */,
				635732C5292D162A00B87F48 /* showAlert.swift in Sources */,
				635732B3292B9BC500B87F48 /* SessionRequest.swift in Sources */,
				635732A9292B910E00B87F48 /* UdacityClient.swift in Sources */,
				635732BF292CD5EE00B87F48 /* InformationPostingViewController.swift in Sources */,
				635732B9292BC68F00B87F48 /* TableViewController.swift in Sources */,
				635732C3292D121F00B87F48 /* PostResponse.swift in Sources */,
				635732BD292CD44C00B87F48 /* LocationResponse.swift in Sources */,
				635732B5292BB85600B87F48 /* SessionResponse.swift in Sources */,
				635732B7292BC0D100B87F48 /* MapViewController.swift in Sources */,
				635732AC292B91C600B87F48 /* ParseClient.swift in Sources */,
				63573295292B754000B87F48 /* LoginViewController.swift in Sources */,
				63573291292B754000B87F48 /* AppDelegate.swift in Sources */,
				63573293292B754000B87F48 /* SceneDelegate.swift in Sources */,
			);
			runOnlyForDeploymentPostprocessing = 0;
		};
/* End PBXSourcesBuildPhase section */

/* Begin PBXVariantGroup section */
		63573296292B754000B87F48 /* Main.storyboard */ = {
			isa = PBXVariantGroup;
			children = (
				63573297292B754000B87F48 /* Base */,
			);
			name = Main.storyboard;
			sourceTree = "<group>";
		};
		6357329B292B754300B87F48 /* LaunchScreen.storyboard */ = {
			isa = PBXVariantGroup;
			children = (
				6357329C292B754300B87F48 /* Base */,
			);
			name = LaunchScreen.storyboard;
			sourceTree = "<group>";
		};
/* End PBXVariantGroup section */

/* Begin XCBuildConfiguration section */
		6357329F292B754300B87F48 /* Debug */ = {
			isa = XCBuildConfiguration;
			buildSettings = {
				ALWAYS_SEARCH_USER_PATHS = NO;
				CLANG_ANALYZER_NONNULL = YES;
				CLANG_ANALYZER_NUMBER_OBJECT_CONVERSION = YES_AGGRESSIVE;
				CLANG_CXX_LANGUAGE_STANDARD = "gnu++20";
				CLANG_ENABLE_MODULES = YES;
				CLANG_ENABLE_OBJC_ARC = YES;
				CLANG_ENABLE_OBJC_WEAK = YES;
				CLANG_WARN_BLOCK_CAPTURE_AUTORELEASING = YES;
				CLANG_WARN_BOOL_CONVERSION = YES;
				CLANG_WARN_COMMA = YES;
				CLANG_WARN_CONSTANT_CONVERSION = YES;
				CLANG_WARN_DEPRECATED_OBJC_IMPLEMENTATIONS = YES;
				CLANG_WARN_DIRECT_OBJC_ISA_USAGE = YES_ERROR;
				CLANG_WARN_DOCUMENTATION_COMMENTS = YES;
				CLANG_WARN_EMPTY_BODY = YES;
				CLANG_WARN_ENUM_CONVERSION = YES;
				CLANG_WARN_INFINITE_RECURSION = YES;
				CLANG_WARN_INT_CONVERSION = YES;
				CLANG_WARN_NON_LITERAL_NULL_CONVERSION = YES;
				CLANG_WARN_OBJC_IMPLICIT_RETAIN_SELF = YES;
				CLANG_WARN_OBJC_LITERAL_CONVERSION = YES;
				CLANG_WARN_OBJC_ROOT_CLASS = YES_ERROR;
				CLANG_WARN_QUOTED_INCLUDE_IN_FRAMEWORK_HEADER = YES;
				CLANG_WARN_RANGE_LOOP_ANALYSIS = YES;
				CLANG_WARN_STRICT_PROTOTYPES = YES;
				CLANG_WARN_SUSPICIOUS_MOVE = YES;
				CLANG_WARN_UNGUARDED_AVAILABILITY = YES_AGGRESSIVE;
				CLANG_WARN_UNREACHABLE_CODE = YES;
				CLANG_WARN__DUPLICATE_METHOD_MATCH = YES;
				COPY_PHASE_STRIP = NO;
				DEBUG_INFORMATION_FORMAT = dwarf;
				ENABLE_STRICT_OBJC_MSGSEND = YES;
				ENABLE_TESTABILITY = YES;
				GCC_C_LANGUAGE_STANDARD = gnu11;
				GCC_DYNAMIC_NO_PIC = NO;
				GCC_NO_COMMON_BLOCKS = YES;
				GCC_OPTIMIZATION_LEVEL = 0;
				GCC_PREPROCESSOR_DEFINITIONS = (
					"DEBUG=1",
					"$(inherited)",
				);
				GCC_WARN_64_TO_32_BIT_CONVERSION = YES;
				GCC_WARN_ABOUT_RETURN_TYPE = YES_ERROR;
				GCC_WARN_UNDECLARED_SELECTOR = YES;
				GCC_WARN_UNINITIALIZED_AUTOS = YES_AGGRESSIVE;
				GCC_WARN_UNUSED_FUNCTION = YES;
				GCC_WARN_UNUSED_VARIABLE = YES;
				IPHONEOS_DEPLOYMENT_TARGET = 16.1;
				MTL_ENABLE_DEBUG_INFO = INCLUDE_SOURCE;
				MTL_FAST_MATH = YES;
				ONLY_ACTIVE_ARCH = YES;
				SDKROOT = iphoneos;
				SWIFT_ACTIVE_COMPILATION_CONDITIONS = DEBUG;
				SWIFT_OPTIMIZATION_LEVEL = "-Onone";
			};
			name = Debug;
		};
		635732A0292B754300B87F48 /* Release */ = {
			isa = XCBuildConfiguration;
			buildSettings = {
				ALWAYS_SEARCH_USER_PATHS = NO;
				CLANG_ANALYZER_NONNULL = YES;
				CLANG_ANALYZER_NUMBER_OBJECT_CONVERSION = YES_AGGRESSIVE;
				CLANG_CXX_LANGUAGE_STANDARD = "gnu++20";
				CLANG_ENABLE_MODULES = YES;
				CLANG_ENABLE_OBJC_ARC = YES;
				CLANG_ENABLE_OBJC_WEAK = YES;
				CLANG_WARN_BLOCK_CAPTURE_AUTORELEASING = YES;
				CLANG_WARN_BOOL_CONVERSION = YES;
				CLANG_WARN_COMMA = YES;
				CLANG_WARN_CONSTANT_CONVERSION = YES;
				CLANG_WARN_DEPRECATED_OBJC_IMPLEMENTATIONS = YES;
				CLANG_WARN_DIRECT_OBJC_ISA_USAGE = YES_ERROR;
				CLANG_WARN_DOCUMENTATION_COMMENTS = YES;
				CLANG_WARN_EMPTY_BODY = YES;
				CLANG_WARN_ENUM_CONVERSION = YES;
				CLANG_WARN_INFINITE_RECURSION = YES;
				CLANG_WARN_INT_CONVERSION = YES;
				CLANG_WARN_NON_LITERAL_NULL_CONVERSION = YES;
				CLANG_WARN_OBJC_IMPLICIT_RETAIN_SELF = YES;
				CLANG_WARN_OBJC_LITERAL_CONVERSION = YES;
				CLANG_WARN_OBJC_ROOT_CLASS = YES_ERROR;
				CLANG_WARN_QUOTED_INCLUDE_IN_FRAMEWORK_HEADER = YES;
				CLANG_WARN_RANGE_LOOP_ANALYSIS = YES;
				CLANG_WARN_STRICT_PROTOTYPES = YES;
				CLANG_WARN_SUSPICIOUS_MOVE = YES;
				CLANG_WARN_UNGUARDED_AVAILABILITY = YES_AGGRESSIVE;
				CLANG_WARN_UNREACHABLE_CODE = YES;
				CLANG_WARN__DUPLICATE_METHOD_MATCH = YES;
				COPY_PHASE_STRIP = NO;
				DEBUG_INFORMATION_FORMAT = "dwarf-with-dsym";
				ENABLE_NS_ASSERTIONS = NO;
				ENABLE_STRICT_OBJC_MSGSEND = YES;
				GCC_C_LANGUAGE_STANDARD = gnu11;
				GCC_NO_COMMON_BLOCKS = YES;
				GCC_WARN_64_TO_32_BIT_CONVERSION = YES;
				GCC_WARN_ABOUT_RETURN_TYPE = YES_ERROR;
				GCC_WARN_UNDECLARED_SELECTOR = YES;
				GCC_WARN_UNINITIALIZED_AUTOS = YES_AGGRESSIVE;
				GCC_WARN_UNUSED_FUNCTION = YES;
				GCC_WARN_UNUSED_VARIABLE = YES;
				IPHONEOS_DEPLOYMENT_TARGET = 16.1;
				MTL_ENABLE_DEBUG_INFO = NO;
				MTL_FAST_MATH = YES;
				SDKROOT = iphoneos;
				SWIFT_COMPILATION_MODE = wholemodule;
				SWIFT_OPTIMIZATION_LEVEL = "-O";
				VALIDATE_PRODUCT = YES;
			};
			name = Release;
		};
		635732A2292B754300B87F48 /* Debug */ = {
			isa = XCBuildConfiguration;
			buildSettings = {
				ASSETCATALOG_COMPILER_APPICON_NAME = AppIcon;
				ASSETCATALOG_COMPILER_GLOBAL_ACCENT_COLOR_NAME = AccentColor;
				CODE_SIGN_STYLE = Automatic;
				CURRENT_PROJECT_VERSION = 1;
				DEVELOPMENT_TEAM = K94635WUYQ;
				GENERATE_INFOPLIST_FILE = YES;
				INFOPLIST_FILE = OnTheMap/Info.plist;
				INFOPLIST_KEY_UIApplicationSupportsIndirectInputEvents = YES;
				INFOPLIST_KEY_UILaunchStoryboardName = LaunchScreen;
				INFOPLIST_KEY_UIMainStoryboardFile = Main;
				INFOPLIST_KEY_UISupportedInterfaceOrientations_iPad = "UIInterfaceOrientationPortrait UIInterfaceOrientationPortraitUpsideDown UIInterfaceOrientationLandscapeLeft UIInterfaceOrientationLandscapeRight";
				INFOPLIST_KEY_UISupportedInterfaceOrientations_iPhone = "UIInterfaceOrientationPortrait UIInterfaceOrientationLandscapeLeft UIInterfaceOrientationLandscapeRight";
				LD_RUNPATH_SEARCH_PATHS = (
					"$(inherited)",
					"@executable_path/Frameworks",
				);
				MARKETING_VERSION = 1.0;
				PRODUCT_BUNDLE_IDENTIFIER = Daki.OnTheMap;
				PRODUCT_NAME = "$(TARGET_NAME)";
				SWIFT_EMIT_LOC_STRINGS = YES;
				SWIFT_VERSION = 5.0;
				TARGETED_DEVICE_FAMILY = "1,2";
			};
			name = Debug;
		};
		635732A3292B754300B87F48 /* Release */ = {
			isa = XCBuildConfiguration;
			buildSettings = {
				ASSETCATALOG_COMPILER_APPICON_NAME = AppIcon;
				ASSETCATALOG_COMPILER_GLOBAL_ACCENT_COLOR_NAME = AccentColor;
				CODE_SIGN_STYLE = Automatic;
				CURRENT_PROJECT_VERSION = 1;
				DEVELOPMENT_TEAM = K94635WUYQ;
				GENERATE_INFOPLIST_FILE = YES;
				INFOPLIST_FILE = OnTheMap/Info.plist;
				INFOPLIST_KEY_UIApplicationSupportsIndirectInputEvents = YES;
				INFOPLIST_KEY_UILaunchStoryboardName = LaunchScreen;
				INFOPLIST_KEY_UIMainStoryboardFile = Main;
				INFOPLIST_KEY_UISupportedInterfaceOrientations_iPad = "UIInterfaceOrientationPortrait UIInterfaceOrientationPortraitUpsideDown UIInterfaceOrientationLandscapeLeft UIInterfaceOrientationLandscapeRight";
				INFOPLIST_KEY_UISupportedInterfaceOrientations_iPhone = "UIInterfaceOrientationPortrait UIInterfaceOrientationLandscapeLeft UIInterfaceOrientationLandscapeRight";
				LD_RUNPATH_SEARCH_PATHS = (
					"$(inherited)",
					"@executable_path/Frameworks",
				);
				MARKETING_VERSION = 1.0;
				PRODUCT_BUNDLE_IDENTIFIER = Daki.OnTheMap;
				PRODUCT_NAME = "$(TARGET_NAME)";
				SWIFT_EMIT_LOC_STRINGS = YES;
				SWIFT_VERSION = 5.0;
				TARGETED_DEVICE_FAMILY = "1,2";
			};
			name = Release;
		};
/* End XCBuildConfiguration section */

/* Begin XCConfigurationList section */
		63573288292B754000B87F48 /* Build configuration list for PBXProject "OnTheMap" */ = {
			isa = XCConfigurationList;
			buildConfigurations = (
				6357329F292B754300B87F48 /* Debug */,
				635732A0292B754300B87F48 /* Release */,
			);
			defaultConfigurationIsVisible = 0;
			defaultConfigurationName = Release;
		};
		635732A1292B754300B87F48 /* Build configuration list for PBXNativeTarget "OnTheMap" */ = {
			isa = XCConfigurationList;
			buildConfigurations = (
				635732A2292B754300B87F48 /* Debug */,
				635732A3292B754300B87F48 /* Release */,
			);
			defaultConfigurationIsVisible = 0;
			defaultConfigurationName = Release;
		};
/* End XCConfigurationList section */
	};
	rootObject = 63573285292B754000B87F48 /* Project object */;
}
